
Microsoft Visual Studio Solution File, Format Version 12.00
Project("{FAE04EC0-301F-11D3-BF4B-00C04F79EFBC}") = "OK.Siemens.Models", "OK.Siemens.Models\OK.Siemens.Models.csproj", "{33895354-B009-4187-9C39-B56C6FDCCF84}"
EndProject
Project("{FAE04EC0-301F-11D3-BF4B-00C04F79EFBC}") = "OK.Siemens.DataProviders", "OK.Siemens.DataProviders\OK.Siemens.DataProviders.csproj", "{A074998B-02D8-4DAC-92FF-1FF9FAEB5BFE}"
EndProject
Project("{FAE04EC0-301F-11D3-BF4B-00C04F79EFBC}") = "OK.Siemens.DataProviders.Tests", "OK.Siemens.DataProviders.Tests\OK.Siemens.DataProviders.Tests.csproj", "{0E134514-2BA4-41E2-8B4D-C9D34F646C31}"
EndProject
Project("{FAE04EC0-301F-11D3-BF4B-00C04F79EFBC}") = "OK.Siemens.PlcDataWorker", "OK.Siemens.PlcDataWorker\OK.Siemens.PlcDataWorker.csproj", "{C136823A-9CE5-490A-9A1B-D07A2969EDA8}"
EndProject
Project("{FAE04EC0-301F-11D3-BF4B-00C04F79EFBC}") = "OK.Siemens.Utils.TimescaleDB", "OK.Siemens.Utils.TimescaleDB\OK.Siemens.Utils.TimescaleDB.csproj", "{D2A9F0E0-E428-4BAC-9BDC-E770FCFE2133}"
EndProject
Global
	GlobalSection(SolutionConfigurationPlatforms) = preSolution
		Debug|Any CPU = Debug|Any CPU
		Release|Any CPU = Release|Any CPU
	EndGlobalSection
	GlobalSection(ProjectConfigurationPlatforms) = postSolution
		{33895354-B009-4187-9C39-B56C6FDCCF84}.Debug|Any CPU.ActiveCfg = Debug|Any CPU
		{33895354-B009-4187-9C39-B56C6FDCCF84}.Debug|Any CPU.Build.0 = Debug|Any CPU
		{33895354-B009-4187-9C39-B56C6FDCCF84}.Release|Any CPU.ActiveCfg = Release|Any CPU
		{33895354-B009-4187-9C39-B56C6FDCCF84}.Release|Any CPU.Build.0 = Release|Any CPU
		{A074998B-02D8-4DAC-92FF-1FF9FAEB5BFE}.Debug|Any CPU.ActiveCfg = Debug|Any CPU
		{A074998B-02D8-4DAC-92FF-1FF9FAEB5BFE}.Debug|Any CPU.Build.0 = Debug|Any CPU
		{A074998B-02D8-4DAC-92FF-1FF9FAEB5BFE}.Release|Any CPU.ActiveCfg = Release|Any CPU
		{A074998B-02D8-4DAC-92FF-1FF9FAEB5BFE}.Release|Any CPU.Build.0 = Release|Any CPU
		{0E134514-2BA4-41E2-8B4D-C9D34F646C31}.Debug|Any CPU.ActiveCfg = Debug|Any CPU
		{0E134514-2BA4-41E2-8B4D-C9D34F646C31}.Debug|Any CPU.Build.0 = Debug|Any CPU
		{0E134514-2BA4-41E2-8B4D-C9D34F646C31}.Release|Any CPU.ActiveCfg = Release|Any CPU
		{0E134514-2BA4-41E2-8B4D-C9D34F646C31}.Release|Any CPU.Build.0 = Release|Any CPU
		{C136823A-9CE5-490A-9A1B-D07A2969EDA8}.Debug|Any CPU.ActiveCfg = Debug|Any CPU
		{C136823A-9CE5-490A-9A1B-D07A2969EDA8}.Debug|Any CPU.Build.0 = Debug|Any CPU
		{C136823A-9CE5-490A-9A1B-D07A2969EDA8}.Release|Any CPU.ActiveCfg = Release|Any CPU
		{C136823A-9CE5-490A-9A1B-D07A2969EDA8}.Release|Any CPU.Build.0 = Release|Any CPU
		{D2A9F0E0-E428-4BAC-9BDC-E770FCFE2133}.Debug|Any CPU.ActiveCfg = Debug|Any CPU
		{D2A9F0E0-E428-4BAC-9BDC-E770FCFE2133}.Debug|Any CPU.Build.0 = Debug|Any CPU
		{D2A9F0E0-E428-4BAC-9BDC-E770FCFE2133}.Release|Any CPU.ActiveCfg = Release|Any CPU
		{D2A9F0E0-E428-4BAC-9BDC-E770FCFE2133}.Release|Any CPU.Build.0 = Release|Any CPU
	EndGlobalSection
EndGlobal
